
Microsoft Visual Studio Solution File, Format Version 12.00
# Visual Studio Version 17
VisualStudioVersion = 17.8.34004.107
MinimumVisualStudioVersion = 10.0.40219.1
Project("{FAE04EC0-301F-11D3-BF4B-00C04F79EFBC}") = "HW4SW", "HW4SW\HW4SW.csproj", "{18069C47-BFDF-4BC5-BDD5-747E4C2CF70F}"
EndProject
Global
	GlobalSection(SolutionConfigurationPlatforms) = preSolution
		Debug|Any CPU = Debug|Any CPU
		Release|Any CPU = Release|Any CPU
	EndGlobalSection
	GlobalSection(ProjectConfigurationPlatforms) = postSolution
		{18069C47-BFDF-4BC5-BDD5-747E4C2CF70F}.Debug|Any CPU.ActiveCfg = Debug|Any CPU
		{18069C47-BFDF-4BC5-BDD5-747E4C2CF70F}.Debug|Any CPU.Build.0 = Debug|Any CPU
		{18069C47-BFDF-4BC5-BDD5-747E4C2CF70F}.Release|Any CPU.ActiveCfg = Release|Any CPU
		{18069C47-BFDF-4BC5-BDD5-747E4C2CF70F}.Release|Any CPU.Build.0 = Release|Any CPU
	EndGlobalSection
	GlobalSection(SolutionProperties) = preSolution
		HideSolutionNode = FALSE
	EndGlobalSection
	GlobalSection(ExtensibilityGlobals) = postSolution
		SolutionGuid = {9456F44A-6E33-4E59-984A-827BC14A8D11}
	EndGlobalSection
EndGlobal
